// !$*UTF8*$!
{
	archiveVersion = 1;
	classes = {
	};
	objectVersion = 56;
	objects = {

/* Begin PBXBuildFile section */
		D4BE81E829617632001BC9EF /* SwiftUI_tutorials_LandmarksApp.swift in Sources */ = {isa = PBXBuildFile; fileRef = D4BE81E729617632001BC9EF /* SwiftUI_tutorials_LandmarksApp.swift */; };
		D4BE81EA29617632001BC9EF /* ContentView.swift in Sources */ = {isa = PBXBuildFile; fileRef = D4BE81E929617632001BC9EF /* ContentView.swift */; };
		D4BE81EC29617633001BC9EF /* Assets.xcassets in Resources */ = {isa = PBXBuildFile; fileRef = D4BE81EB29617633001BC9EF /* Assets.xcassets */; };
		D4BE81EF29617633001BC9EF /* Preview Assets.xcassets in Resources */ = {isa = PBXBuildFile; fileRef = D4BE81EE29617633001BC9EF /* Preview Assets.xcassets */; };
		D4BE81F929617633001BC9EF /* SwiftUI_tutorials_LandmarksTests.swift in Sources */ = {isa = PBXBuildFile; fileRef = D4BE81F829617633001BC9EF /* SwiftUI_tutorials_LandmarksTests.swift */; };
		D4BE820329617633001BC9EF /* SwiftUI_tutorials_LandmarksUITests.swift in Sources */ = {isa = PBXBuildFile; fileRef = D4BE820229617633001BC9EF /* SwiftUI_tutorials_LandmarksUITests.swift */; };
		D4BE820529617633001BC9EF /* SwiftUI_tutorials_LandmarksUITestsLaunchTests.swift in Sources */ = {isa = PBXBuildFile; fileRef = D4BE820429617633001BC9EF /* SwiftUI_tutorials_LandmarksUITestsLaunchTests.swift */; };
		D4BE821229617775001BC9EF /* landmarkData.json in Resources */ = {isa = PBXBuildFile; fileRef = D4BE821129617775001BC9EF /* landmarkData.json */; };
		D4BE8214296177AC001BC9EF /* Landmark.swift in Sources */ = {isa = PBXBuildFile; fileRef = D4BE8213296177AC001BC9EF /* Landmark.swift */; };
/* End PBXBuildFile section */

/* Begin PBXContainerItemProxy section */
		D4BE81F529617633001BC9EF /* PBXContainerItemProxy */ = {
			isa = PBXContainerItemProxy;
			containerPortal = D4BE81DC29617632001BC9EF /* Project object */;
			proxyType = 1;
			remoteGlobalIDString = D4BE81E329617632001BC9EF;
			remoteInfo = SwiftUI_tutorials_Landmarks;
		};
		D4BE81FF29617633001BC9EF /* PBXContainerItemProxy */ = {
			isa = PBXContainerItemProxy;
			containerPortal = D4BE81DC29617632001BC9EF /* Project object */;
			proxyType = 1;
			remoteGlobalIDString = D4BE81E329617632001BC9EF;
			remoteInfo = SwiftUI_tutorials_Landmarks;
		};
/* End PBXContainerItemProxy section */

/* Begin PBXFileReference section */
		D4BE81E429617632001BC9EF /* SwiftUI_tutorials_Landmarks.app */ = {isa = PBXFileReference; explicitFileType = wrapper.application; includeInIndex = 0; path = SwiftUI_tutorials_Landmarks.app; sourceTree = BUILT_PRODUCTS_DIR; };
		D4BE81E729617632001BC9EF /* SwiftUI_tutorials_LandmarksApp.swift */ = {isa = PBXFileReference; lastKnownFileType = sourcecode.swift; path = SwiftUI_tutorials_LandmarksApp.swift; sourceTree = "<group>"; };
		D4BE81E929617632001BC9EF /* ContentView.swift */ = {isa = PBXFileReference; lastKnownFileType = sourcecode.swift; path = ContentView.swift; sourceTree = "<group>"; };
		D4BE81EB29617633001BC9EF /* Assets.xcassets */ = {isa = PBXFileReference; lastKnownFileType = folder.assetcatalog; path = Assets.xcassets; sourceTree = "<group>"; };
		D4BE81EE29617633001BC9EF /* Preview Assets.xcassets */ = {isa = PBXFileReference; lastKnownFileType = folder.assetcatalog; path = "Preview Assets.xcassets"; sourceTree = "<group>"; };
		D4BE81F429617633001BC9EF /* SwiftUI_tutorials_LandmarksTests.xctest */ = {isa = PBXFileReference; explicitFileType = wrapper.cfbundle; includeInIndex = 0; path = SwiftUI_tutorials_LandmarksTests.xctest; sourceTree = BUILT_PRODUCTS_DIR; };
		D4BE81F829617633001BC9EF /* SwiftUI_tutorials_LandmarksTests.swift */ = {isa = PBXFileReference; lastKnownFileType = sourcecode.swift; path = SwiftUI_tutorials_LandmarksTests.swift; sourceTree = "<group>"; };
		D4BE81FE29617633001BC9EF /* SwiftUI_tutorials_LandmarksUITests.xctest */ = {isa = PBXFileReference; explicitFileType = wrapper.cfbundle; includeInIndex = 0; path = SwiftUI_tutorials_LandmarksUITests.xctest; sourceTree = BUILT_PRODUCTS_DIR; };
		D4BE820229617633001BC9EF /* SwiftUI_tutorials_LandmarksUITests.swift */ = {isa = PBXFileReference; lastKnownFileType = sourcecode.swift; path = SwiftUI_tutorials_LandmarksUITests.swift; sourceTree = "<group>"; };
		D4BE820429617633001BC9EF /* SwiftUI_tutorials_LandmarksUITestsLaunchTests.swift */ = {isa = PBXFileReference; lastKnownFileType = sourcecode.swift; path = SwiftUI_tutorials_LandmarksUITestsLaunchTests.swift; sourceTree = "<group>"; };
		D4BE821129617775001BC9EF /* landmarkData.json */ = {isa = PBXFileReference; fileEncoding = 4; lastKnownFileType = text.json; path = landmarkData.json; sourceTree = "<group>"; };
		D4BE8213296177AC001BC9EF /* Landmark.swift */ = {isa = PBXFileReference; lastKnownFileType = sourcecode.swift; path = Landmark.swift; sourceTree = "<group>"; };
/* End PBXFileReference section */

/* Begin PBXFrameworksBuildPhase section */
		D4BE81E129617632001BC9EF /* Frameworks */ = {
			isa = PBXFrameworksBuildPhase;
			buildActionMask = 2147483647;
			files = (
			);
			runOnlyForDeploymentPostprocessing = 0;
		};
		D4BE81F129617633001BC9EF /* Frameworks */ = {
			isa = PBXFrameworksBuildPhase;
			buildActionMask = 2147483647;
			files = (
			);
			runOnlyForDeploymentPostprocessing = 0;
		};
		D4BE81FB29617633001BC9EF /* Frameworks */ = {
			isa = PBXFrameworksBuildPhase;
			buildActionMask = 2147483647;
			files = (
			);
			runOnlyForDeploymentPostprocessing = 0;
		};
/* End PBXFrameworksBuildPhase section */

/* Begin PBXGroup section */
		D4BE81DB29617632001BC9EF = {
			isa = PBXGroup;
			children = (
				D4BE81E629617632001BC9EF /* SwiftUI_tutorials_Landmarks */,
				D4BE81F729617633001BC9EF /* SwiftUI_tutorials_LandmarksTests */,
				D4BE820129617633001BC9EF /* SwiftUI_tutorials_LandmarksUITests */,
				D4BE81E529617632001BC9EF /* Products */,
			);
			sourceTree = "<group>";
		};
		D4BE81E529617632001BC9EF /* Products */ = {
			isa = PBXGroup;
			children = (
				D4BE81E429617632001BC9EF /* SwiftUI_tutorials_Landmarks.app */,
				D4BE81F429617633001BC9EF /* SwiftUI_tutorials_LandmarksTests.xctest */,
				D4BE81FE29617633001BC9EF /* SwiftUI_tutorials_LandmarksUITests.xctest */,
			);
			name = Products;
			sourceTree = "<group>";
		};
		D4BE81E629617632001BC9EF /* SwiftUI_tutorials_Landmarks */ = {
			isa = PBXGroup;
			children = (
				D4BE81E729617632001BC9EF /* SwiftUI_tutorials_LandmarksApp.swift */,
				D4BE8213296177AC001BC9EF /* Landmark.swift */,
				D4BE81E929617632001BC9EF /* ContentView.swift */,
				D4BE81EB29617633001BC9EF /* Assets.xcassets */,
				D4BE81ED29617633001BC9EF /* Preview Content */,
			);
			path = SwiftUI_tutorials_Landmarks;
			sourceTree = "<group>";
		};
		D4BE81ED29617633001BC9EF /* Preview Content */ = {
			isa = PBXGroup;
			children = (
				D4BE81EE29617633001BC9EF /* Preview Assets.xcassets */,
			);
			path = "Preview Content";
			sourceTree = "<group>";
		};
		D4BE81F729617633001BC9EF /* SwiftUI_tutorials_LandmarksTests */ = {
			isa = PBXGroup;
			children = (
				D4BE821129617775001BC9EF /* landmarkData.json */,
				D4BE81F829617633001BC9EF /* SwiftUI_tutorials_LandmarksTests.swift */,
			);
			path = SwiftUI_tutorials_LandmarksTests;
			sourceTree = "<group>";
		};
		D4BE820129617633001BC9EF /* SwiftUI_tutorials_LandmarksUITests */ = {
			isa = PBXGroup;
			children = (
				D4BE820229617633001BC9EF /* SwiftUI_tutorials_LandmarksUITests.swift */,
				D4BE820429617633001BC9EF /* SwiftUI_tutorials_LandmarksUITestsLaunchTests.swift */,
			);
			path = SwiftUI_tutorials_LandmarksUITests;
			sourceTree = "<group>";
		};
/* End PBXGroup section */

/* Begin PBXNativeTarget section */
		D4BE81E329617632001BC9EF /* SwiftUI_tutorials_Landmarks */ = {
			isa = PBXNativeTarget;
			buildConfigurationList = D4BE820829617633001BC9EF /* Build configuration list for PBXNativeTarget "SwiftUI_tutorials_Landmarks" */;
			buildPhases = (
				D4BE81E029617632001BC9EF /* Sources */,
				D4BE81E129617632001BC9EF /* Frameworks */,
				D4BE81E229617632001BC9EF /* Resources */,
			);
			buildRules = (
			);
			dependencies = (
			);
			name = SwiftUI_tutorials_Landmarks;
			productName = SwiftUI_tutorials_Landmarks;
			productReference = D4BE81E429617632001BC9EF /* SwiftUI_tutorials_Landmarks.app */;
			productType = "com.apple.product-type.application";
		};
		D4BE81F329617633001BC9EF /* SwiftUI_tutorials_LandmarksTests */ = {
			isa = PBXNativeTarget;
			buildConfigurationList = D4BE820B29617633001BC9EF /* Build configuration list for PBXNativeTarget "SwiftUI_tutorials_LandmarksTests" */;
			buildPhases = (
				D4BE81F029617633001BC9EF /* Sources */,
				D4BE81F129617633001BC9EF /* Frameworks */,
				D4BE81F229617633001BC9EF /* Resources */,
			);
			buildRules = (
			);
			dependencies = (
				D4BE81F629617633001BC9EF /* PBXTargetDependency */,
			);
			name = SwiftUI_tutorials_LandmarksTests;
			productName = SwiftUI_tutorials_LandmarksTests;
			productReference = D4BE81F429617633001BC9EF /* SwiftUI_tutorials_LandmarksTests.xctest */;
			productType = "com.apple.product-type.bundle.unit-test";
		};
		D4BE81FD29617633001BC9EF /* SwiftUI_tutorials_LandmarksUITests */ = {
			isa = PBXNativeTarget;
			buildConfigurationList = D4BE820E29617633001BC9EF /* Build configuration list for PBXNativeTarget "SwiftUI_tutorials_LandmarksUITests" */;
			buildPhases = (
				D4BE81FA29617633001BC9EF /* Sources */,
				D4BE81FB29617633001BC9EF /* Frameworks */,
				D4BE81FC29617633001BC9EF /* Resources */,
			);
			buildRules = (
			);
			dependencies = (
				D4BE820029617633001BC9EF /* PBXTargetDependency */,
			);
			name = SwiftUI_tutorials_LandmarksUITests;
			productName = SwiftUI_tutorials_LandmarksUITests;
			productReference = D4BE81FE29617633001BC9EF /* SwiftUI_tutorials_LandmarksUITests.xctest */;
			productType = "com.apple.product-type.bundle.ui-testing";
		};
/* End PBXNativeTarget section */

/* Begin PBXProject section */
		D4BE81DC29617632001BC9EF /* Project object */ = {
			isa = PBXProject;
			attributes = {
				BuildIndependentTargetsInParallel = 1;
				LastSwiftUpdateCheck = 1410;
				LastUpgradeCheck = 1410;
				TargetAttributes = {
					D4BE81E329617632001BC9EF = {
						CreatedOnToolsVersion = 14.1;
					};
					D4BE81F329617633001BC9EF = {
						CreatedOnToolsVersion = 14.1;
						TestTargetID = D4BE81E329617632001BC9EF;
					};
					D4BE81FD29617633001BC9EF = {
						CreatedOnToolsVersion = 14.1;
						TestTargetID = D4BE81E329617632001BC9EF;
					};
				};
			};
			buildConfigurationList = D4BE81DF29617632001BC9EF /* Build configuration list for PBXProject "SwiftUI_tutorials_Landmarks" */;
			compatibilityVersion = "Xcode 14.0";
			developmentRegion = en;
			hasScannedForEncodings = 0;
			knownRegions = (
				en,
				Base,
			);
			mainGroup = D4BE81DB29617632001BC9EF;
			productRefGroup = D4BE81E529617632001BC9EF /* Products */;
			projectDirPath = "";
			projectRoot = "";
			targets = (
				D4BE81E329617632001BC9EF /* SwiftUI_tutorials_Landmarks */,
				D4BE81F329617633001BC9EF /* SwiftUI_tutorials_LandmarksTests */,
				D4BE81FD29617633001BC9EF /* SwiftUI_tutorials_LandmarksUITests */,
			);
		};
/* End PBXProject section */

/* Begin PBXResourcesBuildPhase section */
		D4BE81E229617632001BC9EF /* Resources */ = {
			isa = PBXResourcesBuildPhase;
			buildActionMask = 2147483647;
			files = (
				D4BE81EF29617633001BC9EF /* Preview Assets.xcassets in Resources */,
				D4BE81EC29617633001BC9EF /* Assets.xcassets in Resources */,
				D4BE821229617775001BC9EF /* landmarkData.json in Resources */,
			);
			runOnlyForDeploymentPostprocessing = 0;
		};
		D4BE81F229617633001BC9EF /* Resources */ = {
			isa = PBXResourcesBuildPhase;
			buildActionMask = 2147483647;
			files = (
			);
			runOnlyForDeploymentPostprocessing = 0;
		};
		D4BE81FC29617633001BC9EF /* Resources */ = {
			isa = PBXResourcesBuildPhase;
			buildActionMask = 2147483647;
			files = (
			);
			runOnlyForDeploymentPostprocessing = 0;
		};
/* End PBXResourcesBuildPhase section */

/* Begin PBXSourcesBuildPhase section */
		D4BE81E029617632001BC9EF /* Sources */ = {
			isa = PBXSourcesBuildPhase;
			buildActionMask = 2147483647;
			files = (
				D4BE81EA29617632001BC9EF /* ContentView.swift in Sources */,
				D4BE81E829617632001BC9EF /* SwiftUI_tutorials_LandmarksApp.swift in Sources */,
				D4BE8214296177AC001BC9EF /* Landmark.swift in Sources */,
			);
			runOnlyForDeploymentPostprocessing = 0;
		};
		D4BE81F029617633001BC9EF /* Sources */ = {
			isa = PBXSourcesBuildPhase;
			buildActionMask = 2147483647;
			files = (
				D4BE81F929617633001BC9EF /* SwiftUI_tutorials_LandmarksTests.swift in Sources */,
			);
			runOnlyForDeploymentPostprocessing = 0;
		};
		D4BE81FA29617633001BC9EF /* Sources */ = {
			isa = PBXSourcesBuildPhase;
			buildActionMask = 2147483647;
			files = (
				D4BE820529617633001BC9EF /* SwiftUI_tutorials_LandmarksUITestsLaunchTests.swift in Sources */,
				D4BE820329617633001BC9EF /* SwiftUI_tutorials_LandmarksUITests.swift in Sources */,
			);
			runOnlyForDeploymentPostprocessing = 0;
		};
/* End PBXSourcesBuildPhase section */

/* Begin PBXTargetDependency section */
		D4BE81F629617633001BC9EF /* PBXTargetDependency */ = {
			isa = PBXTargetDependency;
			target = D4BE81E329617632001BC9EF /* SwiftUI_tutorials_Landmarks */;
			targetProxy = D4BE81F529617633001BC9EF /* PBXContainerItemProxy */;
		};
		D4BE820029617633001BC9EF /* PBXTargetDependency */ = {
			isa = PBXTargetDependency;
			target = D4BE81E329617632001BC9EF /* SwiftUI_tutorials_Landmarks */;
			targetProxy = D4BE81FF29617633001BC9EF /* PBXContainerItemProxy */;
		};
/* End PBXTargetDependency section */

/* Begin XCBuildConfiguration section */
		D4BE820629617633001BC9EF /* Debug */ = {
			isa = XCBuildConfiguration;
			buildSettings = {
				ALWAYS_SEARCH_USER_PATHS = NO;
				CLANG_ANALYZER_NONNULL = YES;
				CLANG_ANALYZER_NUMBER_OBJECT_CONVERSION = YES_AGGRESSIVE;
				CLANG_CXX_LANGUAGE_STANDARD = "gnu++20";
				CLANG_ENABLE_MODULES = YES;
				CLANG_ENABLE_OBJC_ARC = YES;
				CLANG_ENABLE_OBJC_WEAK = YES;
				CLANG_WARN_BLOCK_CAPTURE_AUTORELEASING = YES;
				CLANG_WARN_BOOL_CONVERSION = YES;
				CLANG_WARN_COMMA = YES;
				CLANG_WARN_CONSTANT_CONVERSION = YES;
				CLANG_WARN_DEPRECATED_OBJC_IMPLEMENTATIONS = YES;
				CLANG_WARN_DIRECT_OBJC_ISA_USAGE = YES_ERROR;
				CLANG_WARN_DOCUMENTATION_COMMENTS = YES;
				CLANG_WARN_EMPTY_BODY = YES;
				CLANG_WARN_ENUM_CONVERSION = YES;
				CLANG_WARN_INFINITE_RECURSION = YES;
				CLANG_WARN_INT_CONVERSION = YES;
				CLANG_WARN_NON_LITERAL_NULL_CONVERSION = YES;
				CLANG_WARN_OBJC_IMPLICIT_RETAIN_SELF = YES;
				CLANG_WARN_OBJC_LITERAL_CONVERSION = YES;
				CLANG_WARN_OBJC_ROOT_CLASS = YES_ERROR;
				CLANG_WARN_QUOTED_INCLUDE_IN_FRAMEWORK_HEADER = YES;
				CLANG_WARN_RANGE_LOOP_ANALYSIS = YES;
				CLANG_WARN_STRICT_PROTOTYPES = YES;
				CLANG_WARN_SUSPICIOUS_MOVE = YES;
				CLANG_WARN_UNGUARDED_AVAILABILITY = YES_AGGRESSIVE;
				CLANG_WARN_UNREACHABLE_CODE = YES;
				CLANG_WARN__DUPLICATE_METHOD_MATCH = YES;
				COPY_PHASE_STRIP = NO;
				DEBUG_INFORMATION_FORMAT = dwarf;
				ENABLE_STRICT_OBJC_MSGSEND = YES;
				ENABLE_TESTABILITY = YES;
				GCC_C_LANGUAGE_STANDARD = gnu11;
				GCC_DYNAMIC_NO_PIC = NO;
				GCC_NO_COMMON_BLOCKS = YES;
				GCC_OPTIMIZATION_LEVEL = 0;
				GCC_PREPROCESSOR_DEFINITIONS = (
					"DEBUG=1",
					"$(inherited)",
				);
				GCC_WARN_64_TO_32_BIT_CONVERSION = YES;
				GCC_WARN_ABOUT_RETURN_TYPE = YES_ERROR;
				GCC_WARN_UNDECLARED_SELECTOR = YES;
				GCC_WARN_UNINITIALIZED_AUTOS = YES_AGGRESSIVE;
				GCC_WARN_UNUSED_FUNCTION = YES;
				GCC_WARN_UNUSED_VARIABLE = YES;
				IPHONEOS_DEPLOYMENT_TARGET = 16.1;
				MTL_ENABLE_DEBUG_INFO = INCLUDE_SOURCE;
				MTL_FAST_MATH = YES;
				ONLY_ACTIVE_ARCH = YES;
				SDKROOT = iphoneos;
				SWIFT_ACTIVE_COMPILATION_CONDITIONS = DEBUG;
				SWIFT_OPTIMIZATION_LEVEL = "-Onone";
			};
			name = Debug;
		};
		D4BE820729617633001BC9EF /* Release */ = {
			isa = XCBuildConfiguration;
			buildSettings = {
				ALWAYS_SEARCH_USER_PATHS = NO;
				CLANG_ANALYZER_NONNULL = YES;
				CLANG_ANALYZER_NUMBER_OBJECT_CONVERSION = YES_AGGRESSIVE;
				CLANG_CXX_LANGUAGE_STANDARD = "gnu++20";
				CLANG_ENABLE_MODULES = YES;
				CLANG_ENABLE_OBJC_ARC = YES;
				CLANG_ENABLE_OBJC_WEAK = YES;
				CLANG_WARN_BLOCK_CAPTURE_AUTORELEASING = YES;
				CLANG_WARN_BOOL_CONVERSION = YES;
				CLANG_WARN_COMMA = YES;
				CLANG_WARN_CONSTANT_CONVERSION = YES;
				CLANG_WARN_DEPRECATED_OBJC_IMPLEMENTATIONS = YES;
				CLANG_WARN_DIRECT_OBJC_ISA_USAGE = YES_ERROR;
				CLANG_WARN_DOCUMENTATION_COMMENTS = YES;
				CLANG_WARN_EMPTY_BODY = YES;
				CLANG_WARN_ENUM_CONVERSION = YES;
				CLANG_WARN_INFINITE_RECURSION = YES;
				CLANG_WARN_INT_CONVERSION = YES;
				CLANG_WARN_NON_LITERAL_NULL_CONVERSION = YES;
				CLANG_WARN_OBJC_IMPLICIT_RETAIN_SELF = YES;
				CLANG_WARN_OBJC_LITERAL_CONVERSION = YES;
				CLANG_WARN_OBJC_ROOT_CLASS = YES_ERROR;
				CLANG_WARN_QUOTED_INCLUDE_IN_FRAMEWORK_HEADER = YES;
				CLANG_WARN_RANGE_LOOP_ANALYSIS = YES;
				CLANG_WARN_STRICT_PROTOTYPES = YES;
				CLANG_WARN_SUSPICIOUS_MOVE = YES;
				CLANG_WARN_UNGUARDED_AVAILABILITY = YES_AGGRESSIVE;
				CLANG_WARN_UNREACHABLE_CODE = YES;
				CLANG_WARN__DUPLICATE_METHOD_MATCH = YES;
				COPY_PHASE_STRIP = NO;
				DEBUG_INFORMATION_FORMAT = "dwarf-with-dsym";
				ENABLE_NS_ASSERTIONS = NO;
				ENABLE_STRICT_OBJC_MSGSEND = YES;
				GCC_C_LANGUAGE_STANDARD = gnu11;
				GCC_NO_COMMON_BLOCKS = YES;
				GCC_WARN_64_TO_32_BIT_CONVERSION = YES;
				GCC_WARN_ABOUT_RETURN_TYPE = YES_ERROR;
				GCC_WARN_UNDECLARED_SELECTOR = YES;
				GCC_WARN_UNINITIALIZED_AUTOS = YES_AGGRESSIVE;
				GCC_WARN_UNUSED_FUNCTION = YES;
				GCC_WARN_UNUSED_VARIABLE = YES;
				IPHONEOS_DEPLOYMENT_TARGET = 16.1;
				MTL_ENABLE_DEBUG_INFO = NO;
				MTL_FAST_MATH = YES;
				SDKROOT = iphoneos;
				SWIFT_COMPILATION_MODE = wholemodule;
				SWIFT_OPTIMIZATION_LEVEL = "-O";
				VALIDATE_PRODUCT = YES;
			};
			name = Release;
		};
		D4BE820929617633001BC9EF /* Debug */ = {
			isa = XCBuildConfiguration;
			buildSettings = {
				ASSETCATALOG_COMPILER_APPICON_NAME = AppIcon;
				ASSETCATALOG_COMPILER_GLOBAL_ACCENT_COLOR_NAME = AccentColor;
				CODE_SIGN_STYLE = Automatic;
				CURRENT_PROJECT_VERSION = 1;
				DEVELOPMENT_ASSET_PATHS = "\"SwiftUI_tutorials_Landmarks/Preview Content\"";
				ENABLE_PREVIEWS = YES;
				GENERATE_INFOPLIST_FILE = YES;
				INFOPLIST_KEY_UIApplicationSceneManifest_Generation = YES;
				INFOPLIST_KEY_UIApplicationSupportsIndirectInputEvents = YES;
				INFOPLIST_KEY_UILaunchScreen_Generation = YES;
				INFOPLIST_KEY_UISupportedInterfaceOrientations_iPad = "UIInterfaceOrientationPortrait UIInterfaceOrientationPortraitUpsideDown UIInterfaceOrientationLandscapeLeft UIInterfaceOrientationLandscapeRight";
				INFOPLIST_KEY_UISupportedInterfaceOrientations_iPhone = "UIInterfaceOrientationPortrait UIInterfaceOrientationLandscapeLeft UIInterfaceOrientationLandscapeRight";
				LD_RUNPATH_SEARCH_PATHS = (
					"$(inherited)",
					"@executable_path/Frameworks",
				);
				MARKETING_VERSION = 1.0;
				PRODUCT_BUNDLE_IDENTIFIER = "com.uga.SwiftUI-tutorials-Landmarks";
				PRODUCT_NAME = "$(TARGET_NAME)";
				SWIFT_EMIT_LOC_STRINGS = YES;
				SWIFT_VERSION = 5.0;
				TARGETED_DEVICE_FAMILY = "1,2";
			};
			name = Debug;
		};
		D4BE820A29617633001BC9EF /* Release */ = {
			isa = XCBuildConfiguration;
			buildSettings = {
				ASSETCATALOG_COMPILER_APPICON_NAME = AppIcon;
				ASSETCATALOG_COMPILER_GLOBAL_ACCENT_COLOR_NAME = AccentColor;
				CODE_SIGN_STYLE = Automatic;
				CURRENT_PROJECT_VERSION = 1;
				DEVELOPMENT_ASSET_PATHS = "\"SwiftUI_tutorials_Landmarks/Preview Content\"";
				ENABLE_PREVIEWS = YES;
				GENERATE_INFOPLIST_FILE = YES;
				INFOPLIST_KEY_UIApplicationSceneManifest_Generation = YES;
				INFOPLIST_KEY_UIApplicationSupportsIndirectInputEvents = YES;
				INFOPLIST_KEY_UILaunchScreen_Generation = YES;
				INFOPLIST_KEY_UISupportedInterfaceOrientations_iPad = "UIInterfaceOrientationPortrait UIInterfaceOrientationPortraitUpsideDown UIInterfaceOrientationLandscapeLeft UIInterfaceOrientationLandscapeRight";
				INFOPLIST_KEY_UISupportedInterfaceOrientations_iPhone = "UIInterfaceOrientationPortrait UIInterfaceOrientationLandscapeLeft UIInterfaceOrientationLandscapeRight";
				LD_RUNPATH_SEARCH_PATHS = (
					"$(inherited)",
					"@executable_path/Frameworks",
				);
				MARKETING_VERSION = 1.0;
				PRODUCT_BUNDLE_IDENTIFIER = "com.uga.SwiftUI-tutorials-Landmarks";
				PRODUCT_NAME = "$(TARGET_NAME)";
				SWIFT_EMIT_LOC_STRINGS = YES;
				SWIFT_VERSION = 5.0;
				TARGETED_DEVICE_FAMILY = "1,2";
			};
			name = Release;
		};
		D4BE820C29617633001BC9EF /* Debug */ = {
			isa = XCBuildConfiguration;
			buildSettings = {
				ALWAYS_EMBED_SWIFT_STANDARD_LIBRARIES = YES;
				BUNDLE_LOADER = "$(TEST_HOST)";
				CODE_SIGN_STYLE = Automatic;
				CURRENT_PROJECT_VERSION = 1;
				GENERATE_INFOPLIST_FILE = YES;
				IPHONEOS_DEPLOYMENT_TARGET = 16.1;
				MARKETING_VERSION = 1.0;
				PRODUCT_BUNDLE_IDENTIFIER = "com.uga.SwiftUI-tutorials-LandmarksTests";
				PRODUCT_NAME = "$(TARGET_NAME)";
				SWIFT_EMIT_LOC_STRINGS = NO;
				SWIFT_VERSION = 5.0;
				TARGETED_DEVICE_FAMILY = "1,2";
				TEST_HOST = "$(BUILT_PRODUCTS_DIR)/SwiftUI_tutorials_Landmarks.app/$(BUNDLE_EXECUTABLE_FOLDER_PATH)/SwiftUI_tutorials_Landmarks";
			};
			name = Debug;
		};
		D4BE820D29617633001BC9EF /* Release */ = {
			isa = XCBuildConfiguration;
			buildSettings = {
				ALWAYS_EMBED_SWIFT_STANDARD_LIBRARIES = YES;
				BUNDLE_LOADER = "$(TEST_HOST)";
				CODE_SIGN_STYLE = Automatic;
				CURRENT_PROJECT_VERSION = 1;
				GENERATE_INFOPLIST_FILE = YES;
				IPHONEOS_DEPLOYMENT_TARGET = 16.1;
				MARKETING_VERSION = 1.0;
				PRODUCT_BUNDLE_IDENTIFIER = "com.uga.SwiftUI-tutorials-LandmarksTests";
				PRODUCT_NAME = "$(TARGET_NAME)";
				SWIFT_EMIT_LOC_STRINGS = NO;
				SWIFT_VERSION = 5.0;
				TARGETED_DEVICE_FAMILY = "1,2";
				TEST_HOST = "$(BUILT_PRODUCTS_DIR)/SwiftUI_tutorials_Landmarks.app/$(BUNDLE_EXECUTABLE_FOLDER_PATH)/SwiftUI_tutorials_Landmarks";
			};
			name = Release;
		};
		D4BE820F29617633001BC9EF /* Debug */ = {
			isa = XCBuildConfiguration;
			buildSettings = {
				ALWAYS_EMBED_SWIFT_STANDARD_LIBRARIES = YES;
				CODE_SIGN_STYLE = Automatic;
				CURRENT_PROJECT_VERSION = 1;
				GENERATE_INFOPLIST_FILE = YES;
				MARKETING_VERSION = 1.0;
				PRODUCT_BUNDLE_IDENTIFIER = "com.uga.SwiftUI-tutorials-LandmarksUITests";
				PRODUCT_NAME = "$(TARGET_NAME)";
				SWIFT_EMIT_LOC_STRINGS = NO;
				SWIFT_VERSION = 5.0;
				TARGETED_DEVICE_FAMILY = "1,2";
				TEST_TARGET_NAME = SwiftUI_tutorials_Landmarks;
			};
			name = Debug;
		};
		D4BE821029617633001BC9EF /* Release */ = {
			isa = XCBuildConfiguration;
			buildSettings = {
				ALWAYS_EMBED_SWIFT_STANDARD_LIBRARIES = YES;
				CODE_SIGN_STYLE = Automatic;
				CURRENT_PROJECT_VERSION = 1;
				GENERATE_INFOPLIST_FILE = YES;
				MARKETING_VERSION = 1.0;
				PRODUCT_BUNDLE_IDENTIFIER = "com.uga.SwiftUI-tutorials-LandmarksUITests";
				PRODUCT_NAME = "$(TARGET_NAME)";
				SWIFT_EMIT_LOC_STRINGS = NO;
				SWIFT_VERSION = 5.0;
				TARGETED_DEVICE_FAMILY = "1,2";
				TEST_TARGET_NAME = SwiftUI_tutorials_Landmarks;
			};
			name = Release;
		};
/* End XCBuildConfiguration section */

/* Begin XCConfigurationList section */
		D4BE81DF29617632001BC9EF /* Build configuration list for PBXProject "SwiftUI_tutorials_Landmarks" */ = {
			isa = XCConfigurationList;
			buildConfigurations = (
				D4BE820629617633001BC9EF /* Debug */,
				D4BE820729617633001BC9EF /* Release */,
			);
			defaultConfigurationIsVisible = 0;
			defaultConfigurationName = Release;
		};
		D4BE820829617633001BC9EF /* Build configuration list for PBXNativeTarget "SwiftUI_tutorials_Landmarks" */ = {
			isa = XCConfigurationList;
			buildConfigurations = (
				D4BE820929617633001BC9EF /* Debug */,
				D4BE820A29617633001BC9EF /* Release */,
			);
			defaultConfigurationIsVisible = 0;
			defaultConfigurationName = Release;
		};
		D4BE820B29617633001BC9EF /* Build configuration list for PBXNativeTarget "SwiftUI_tutorials_LandmarksTests" */ = {
			isa = XCConfigurationList;
			buildConfigurations = (
				D4BE820C29617633001BC9EF /* Debug */,
				D4BE820D29617633001BC9EF /* Release */,
			);
			defaultConfigurationIsVisible = 0;
			defaultConfigurationName = Release;
		};
		D4BE820E29617633001BC9EF /* Build configuration list for PBXNativeTarget "SwiftUI_tutorials_LandmarksUITests" */ = {
			isa = XCConfigurationList;
			buildConfigurations = (
				D4BE820F29617633001BC9EF /* Debug */,
				D4BE821029617633001BC9EF /* Release */,
			);
			defaultConfigurationIsVisible = 0;
			defaultConfigurationName = Release;
		};
/* End XCConfigurationList section */
	};
	rootObject = D4BE81DC29617632001BC9EF /* Project object */;
}
